
Microsoft Visual Studio Solution File, Format Version 12.00
# Visual Studio 15
VisualStudioVersion = 15.0.26730.16
MinimumVisualStudioVersion = 10.0.40219.1
Project("{9A19103F-16F7-4668-BE54-9A1E7A4F7556}") = "AspNetCore.Identity.MongoDbCore", "src\AspNetCore.Identity.MongoDbCore.csproj", "{C2EB6500-79A2-410E-8BF7-ACACE86C7A0E}"
EndProject
Project("{2150E333-8FDC-42A3-9474-1A3956D46DE8}") = "src", "src", "{059DB57E-6EC2-4F6D-BE0F-343B00976DA9}"
EndProject
Project("{2150E333-8FDC-42A3-9474-1A3956D46DE8}") = "test", "test", "{7819C5A0-617F-488D-9791-2C4859B9BF19}"
EndProject
Project("{9A19103F-16F7-4668-BE54-9A1E7A4F7556}") = "AspNetCore.Identity.MongoDbCore.IntegrationTests", "test\AspNetCore.Identity.MongoDbCore.IntegrationTests\AspNetCore.Identity.MongoDbCore.IntegrationTests.csproj", "{FA1D3288-90E8-4831-B533-A2B3D4F034B1}"
EndProject
Project("{2150E333-8FDC-42A3-9474-1A3956D46DE8}") = "samples", "samples", "{EE14D20F-C6E9-4A4C-A13E-C1A90BCA8763}"
EndProject
Project("{FAE04EC0-301F-11D3-BF4B-00C04F79EFBC}") = "MongoIdentitySample.Mvc", "sample\MongoIdentitySample.Mvc\MongoIdentitySample.Mvc.csproj", "{B0F2EB41-D3DC-4A5B-A479-A1D2595CE620}"
EndProject
Global
	GlobalSection(SolutionConfigurationPlatforms) = preSolution
		Debug|Any CPU = Debug|Any CPU
		Release|Any CPU = Release|Any CPU
	EndGlobalSection
	GlobalSection(ProjectConfigurationPlatforms) = postSolution
		{C2EB6500-79A2-410E-8BF7-ACACE86C7A0E}.Debug|Any CPU.ActiveCfg = Debug|Any CPU
		{C2EB6500-79A2-410E-8BF7-ACACE86C7A0E}.Debug|Any CPU.Build.0 = Debug|Any CPU
		{C2EB6500-79A2-410E-8BF7-ACACE86C7A0E}.Release|Any CPU.ActiveCfg = Release|Any CPU
		{C2EB6500-79A2-410E-8BF7-ACACE86C7A0E}.Release|Any CPU.Build.0 = Release|Any CPU
		{FA1D3288-90E8-4831-B533-A2B3D4F034B1}.Debug|Any CPU.ActiveCfg = Debug|Any CPU
		{FA1D3288-90E8-4831-B533-A2B3D4F034B1}.Debug|Any CPU.Build.0 = Debug|Any CPU
		{FA1D3288-90E8-4831-B533-A2B3D4F034B1}.Release|Any CPU.ActiveCfg = Release|Any CPU
		{FA1D3288-90E8-4831-B533-A2B3D4F034B1}.Release|Any CPU.Build.0 = Release|Any CPU
		{B0F2EB41-D3DC-4A5B-A479-A1D2595CE620}.Debug|Any CPU.ActiveCfg = Debug|Any CPU
		{B0F2EB41-D3DC-4A5B-A479-A1D2595CE620}.Debug|Any CPU.Build.0 = Debug|Any CPU
		{B0F2EB41-D3DC-4A5B-A479-A1D2595CE620}.Release|Any CPU.ActiveCfg = Release|Any CPU
		{B0F2EB41-D3DC-4A5B-A479-A1D2595CE620}.Release|Any CPU.Build.0 = Release|Any CPU
	EndGlobalSection
	GlobalSection(SolutionProperties) = preSolution
		HideSolutionNode = FALSE
	EndGlobalSection
	GlobalSection(NestedProjects) = preSolution
		{C2EB6500-79A2-410E-8BF7-ACACE86C7A0E} = {059DB57E-6EC2-4F6D-BE0F-343B00976DA9}
		{FA1D3288-90E8-4831-B533-A2B3D4F034B1} = {7819C5A0-617F-488D-9791-2C4859B9BF19}
		{B0F2EB41-D3DC-4A5B-A479-A1D2595CE620} = {EE14D20F-C6E9-4A4C-A13E-C1A90BCA8763}
	EndGlobalSection
	GlobalSection(ExtensibilityGlobals) = postSolution
		SolutionGuid = {B6A5D462-4085-442D-9E31-DD2CAD280D3C}
	EndGlobalSection
EndGlobal
